
Microsoft Visual Studio Solution File, Format Version 12.00
# Visual Studio Version 16
VisualStudioVersion = 16.0.33927.289
MinimumVisualStudioVersion = 10.0.40219.1
Project("{FAE04EC0-301F-11D3-BF4B-00C04F79EFBC}") = "CPS", "CPS\CPS.csproj", "{3113FAA9-C7B9-432F-B5EE-866CD73E249A}"
EndProject
Project("{FAE04EC0-301F-11D3-BF4B-00C04F79EFBC}") = "CHECK PRINTING SYSTEM 24.Solution", "..\CHECK PRINTING SYSTEM 24.Solution\CHECK PRINTING SYSTEM 24.Solution.csproj", "{E24BA9C4-3A43-4E12-ACC4-F041EE70FBF4}"
EndProject
Global
	GlobalSection(SolutionConfigurationPlatforms) = preSolution
		Debug|Any CPU = Debug|Any CPU
		Release|Any CPU = Release|Any CPU
	EndGlobalSection
	GlobalSection(ProjectConfigurationPlatforms) = postSolution
		{3113FAA9-C7B9-432F-B5EE-866CD73E249A}.Debug|Any CPU.ActiveCfg = Debug|Any CPU
		{3113FAA9-C7B9-432F-B5EE-866CD73E249A}.Debug|Any CPU.Build.0 = Debug|Any CPU
		{3113FAA9-C7B9-432F-B5EE-866CD73E249A}.Release|Any CPU.ActiveCfg = Release|Any CPU
		{3113FAA9-C7B9-432F-B5EE-866CD73E249A}.Release|Any CPU.Build.0 = Release|Any CPU
		{E24BA9C4-3A43-4E12-ACC4-F041EE70FBF4}.Debug|Any CPU.ActiveCfg = Debug|Any CPU
		{E24BA9C4-3A43-4E12-ACC4-F041EE70FBF4}.Debug|Any CPU.Build.0 = Debug|Any CPU
		{E24BA9C4-3A43-4E12-ACC4-F041EE70FBF4}.Release|Any CPU.ActiveCfg = Release|Any CPU
		{E24BA9C4-3A43-4E12-ACC4-F041EE70FBF4}.Release|Any CPU.Build.0 = Release|Any CPU
	EndGlobalSection
	GlobalSection(SolutionProperties) = preSolution
		HideSolutionNode = FALSE
	EndGlobalSection
	GlobalSection(ExtensibilityGlobals) = postSolution
		SolutionGuid = {48BEF291-7601-418E-9C01-69426DA200E2}
	EndGlobalSection
EndGlobal
