
Microsoft Visual Studio Solution File, Format Version 12.00
# Visual Studio Version 16
VisualStudioVersion = 16.0.36107.64
MinimumVisualStudioVersion = 10.0.40219.1
Global
	GlobalSection(SolutionProperties) = preSolution
		HideSolutionNode = FALSE
	EndGlobalSection
	GlobalSection(ExtensibilityGlobals) = postSolution
		SolutionGuid = {5A72B96A-CA83-4CC6-826F-E76A80371186}
	EndGlobalSection
	GlobalSection(TeamFoundationVersionControl) = preSolution
		SccNumberOfProjects = 2
		SccEnterpriseProvider = {4CA58AB2-18FA-4F8D-95D4-32DDF27D184C}
		SccTeamFoundationServer = https://checkprintingsystem.visualstudio.com/
		SccLocalPath0 = .
		SccProjectUniqueName1 = CPS\\CPS.csproj
		SccProjectName1 = CPS
		SccLocalPath1 = CPS
	EndGlobalSection
EndGlobal
